// !$*UTF8*$!
{
	archiveVersion = 1;
	classes = {
	};
	objectVersion = 51;
	objects = {

/* Begin PBXBuildFile section */
		008D8533246E36A900FB2A60 /* historialViewController.swift in Sources */ = {isa = PBXBuildFile; fileRef = 008D8532246E36A900FB2A60 /* historialViewController.swift */; };
		00E6C8DA2468D61B005185E4 /* navigationTableViewController.swift in Sources */ = {isa = PBXBuildFile; fileRef = 00E6C8D92468D61B005185E4 /* navigationTableViewController.swift */; };
		00E6C8DC24693178005185E4 /* EquivalenteViewController.swift in Sources */ = {isa = PBXBuildFile; fileRef = 00E6C8DB24693178005185E4 /* EquivalenteViewController.swift */; };
		00E6C8DE24693840005185E4 /* EquivalenteExplicadoViewController.swift in Sources */ = {isa = PBXBuildFile; fileRef = 00E6C8DD24693840005185E4 /* EquivalenteExplicadoViewController.swift */; };
		00FA65662472D5E400D8BB67 /* historialExplicadoViewController.swift in Sources */ = {isa = PBXBuildFile; fileRef = 00FA65652472D5E400D8BB67 /* historialExplicadoViewController.swift */; };
		00FED3052450FDAE00AF31C4 /* AppDelegate.swift in Sources */ = {isa = PBXBuildFile; fileRef = 00FED3042450FDAE00AF31C4 /* AppDelegate.swift */; };
		00FED3072450FDAE00AF31C4 /* SceneDelegate.swift in Sources */ = {isa = PBXBuildFile; fileRef = 00FED3062450FDAE00AF31C4 /* SceneDelegate.swift */; };
		00FED3092450FDAE00AF31C4 /* FirstViewController.swift in Sources */ = {isa = PBXBuildFile; fileRef = 00FED3082450FDAE00AF31C4 /* FirstViewController.swift */; };
		00FED30B2450FDAE00AF31C4 /* MiPlanViewController.swift in Sources */ = {isa = PBXBuildFile; fileRef = 00FED30A2450FDAE00AF31C4 /* MiPlanViewController.swift */; };
		00FED30E2450FDAE00AF31C4 /* Main.storyboard in Resources */ = {isa = PBXBuildFile; fileRef = 00FED30C2450FDAE00AF31C4 /* Main.storyboard */; };
		00FED3102450FDB300AF31C4 /* Assets.xcassets in Resources */ = {isa = PBXBuildFile; fileRef = 00FED30F2450FDB300AF31C4 /* Assets.xcassets */; };
		00FED3132450FDB300AF31C4 /* LaunchScreen.storyboard in Resources */ = {isa = PBXBuildFile; fileRef = 00FED3112450FDB300AF31C4 /* LaunchScreen.storyboard */; };
		00FED31B24515AD900AF31C4 /* dias.swift in Sources */ = {isa = PBXBuildFile; fileRef = 00FED31A24515AD900AF31C4 /* dias.swift */; };
		052ABBA9246D90ED0051CBC8 /* MiPerfilViewController.swift in Sources */ = {isa = PBXBuildFile; fileRef = 052ABBA8246D90ED0051CBC8 /* MiPerfilViewController.swift */; };
		056D165C2476C73000B57B3F /* Pods_NutreTec.framework in Frameworks */ = {isa = PBXBuildFile; fileRef = BE90A80D37D22B850C8E5A78 /* Pods_NutreTec.framework */; };
		056D165D2476C73000B57B3F /* Pods_NutreTec.framework in Embed Frameworks */ = {isa = PBXBuildFile; fileRef = BE90A80D37D22B850C8E5A78 /* Pods_NutreTec.framework */; settings = {ATTRIBUTES = (CodeSignOnCopy, RemoveHeadersOnCopy, ); }; };
		773AB8292451516F0025101D /* SemaforoViewController.swift in Sources */ = {isa = PBXBuildFile; fileRef = 773AB8282451516F0025101D /* SemaforoViewController.swift */; };
/* End PBXBuildFile section */

/* Begin PBXCopyFilesBuildPhase section */
		056D165E2476C73000B57B3F /* Embed Frameworks */ = {
			isa = PBXCopyFilesBuildPhase;
			buildActionMask = 2147483647;
			dstPath = "";
			dstSubfolderSpec = 10;
			files = (
				056D165D2476C73000B57B3F /* Pods_NutreTec.framework in Embed Frameworks */,
			);
			name = "Embed Frameworks";
			runOnlyForDeploymentPostprocessing = 0;
		};
/* End PBXCopyFilesBuildPhase section */

/* Begin PBXFileReference section */
		008D8532246E36A900FB2A60 /* historialViewController.swift */ = {isa = PBXFileReference; lastKnownFileType = sourcecode.swift; path = historialViewController.swift; sourceTree = "<group>"; };
		00E6C8D92468D61B005185E4 /* navigationTableViewController.swift */ = {isa = PBXFileReference; lastKnownFileType = sourcecode.swift; path = navigationTableViewController.swift; sourceTree = "<group>"; };
		00E6C8DB24693178005185E4 /* EquivalenteViewController.swift */ = {isa = PBXFileReference; lastKnownFileType = sourcecode.swift; path = EquivalenteViewController.swift; sourceTree = "<group>"; };
		00E6C8DD24693840005185E4 /* EquivalenteExplicadoViewController.swift */ = {isa = PBXFileReference; lastKnownFileType = sourcecode.swift; path = EquivalenteExplicadoViewController.swift; sourceTree = "<group>"; };
		00FA65652472D5E400D8BB67 /* historialExplicadoViewController.swift */ = {isa = PBXFileReference; lastKnownFileType = sourcecode.swift; path = historialExplicadoViewController.swift; sourceTree = "<group>"; };
		00FED3012450FDAE00AF31C4 /* NutreTec.app */ = {isa = PBXFileReference; explicitFileType = wrapper.application; includeInIndex = 0; path = NutreTec.app; sourceTree = BUILT_PRODUCTS_DIR; };
		00FED3042450FDAE00AF31C4 /* AppDelegate.swift */ = {isa = PBXFileReference; lastKnownFileType = sourcecode.swift; path = AppDelegate.swift; sourceTree = "<group>"; };
		00FED3062450FDAE00AF31C4 /* SceneDelegate.swift */ = {isa = PBXFileReference; lastKnownFileType = sourcecode.swift; path = SceneDelegate.swift; sourceTree = "<group>"; };
		00FED3082450FDAE00AF31C4 /* FirstViewController.swift */ = {isa = PBXFileReference; lastKnownFileType = sourcecode.swift; path = FirstViewController.swift; sourceTree = "<group>"; };
		00FED30A2450FDAE00AF31C4 /* MiPlanViewController.swift */ = {isa = PBXFileReference; lastKnownFileType = sourcecode.swift; path = MiPlanViewController.swift; sourceTree = "<group>"; };
		00FED30D2450FDAE00AF31C4 /* Base */ = {isa = PBXFileReference; lastKnownFileType = file.storyboard; name = Base; path = Base.lproj/Main.storyboard; sourceTree = "<group>"; };
		00FED30F2450FDB300AF31C4 /* Assets.xcassets */ = {isa = PBXFileReference; lastKnownFileType = folder.assetcatalog; path = Assets.xcassets; sourceTree = "<group>"; };
		00FED3122450FDB300AF31C4 /* Base */ = {isa = PBXFileReference; lastKnownFileType = file.storyboard; name = Base; path = Base.lproj/LaunchScreen.storyboard; sourceTree = "<group>"; };
		00FED3142450FDB300AF31C4 /* Info.plist */ = {isa = PBXFileReference; lastKnownFileType = text.plist.xml; path = Info.plist; sourceTree = "<group>"; };
		00FED31A24515AD900AF31C4 /* dias.swift */ = {isa = PBXFileReference; lastKnownFileType = sourcecode.swift; path = dias.swift; sourceTree = "<group>"; };
		052ABBA8246D90ED0051CBC8 /* MiPerfilViewController.swift */ = {isa = PBXFileReference; lastKnownFileType = sourcecode.swift; path = MiPerfilViewController.swift; sourceTree = "<group>"; };
		2C9BCAF2FD313F242B658AD7 /* Pods-NutreTec.release.xcconfig */ = {isa = PBXFileReference; includeInIndex = 1; lastKnownFileType = text.xcconfig; name = "Pods-NutreTec.release.xcconfig"; path = "Target Support Files/Pods-NutreTec/Pods-NutreTec.release.xcconfig"; sourceTree = "<group>"; };
		773AB8282451516F0025101D /* SemaforoViewController.swift */ = {isa = PBXFileReference; lastKnownFileType = sourcecode.swift; path = SemaforoViewController.swift; sourceTree = "<group>"; };
		87B13E23A8A9B5C7F426BEE3 /* Pods-NutreTec.debug.xcconfig */ = {isa = PBXFileReference; includeInIndex = 1; lastKnownFileType = text.xcconfig; name = "Pods-NutreTec.debug.xcconfig"; path = "Target Support Files/Pods-NutreTec/Pods-NutreTec.debug.xcconfig"; sourceTree = "<group>"; };
		BE90A80D37D22B850C8E5A78 /* Pods_NutreTec.framework */ = {isa = PBXFileReference; explicitFileType = wrapper.framework; includeInIndex = 0; path = Pods_NutreTec.framework; sourceTree = BUILT_PRODUCTS_DIR; };
/* End PBXFileReference section */

/* Begin PBXFrameworksBuildPhase section */
		00FED2FE2450FDAE00AF31C4 /* Frameworks */ = {
			isa = PBXFrameworksBuildPhase;
			buildActionMask = 2147483647;
			files = (
				056D165C2476C73000B57B3F /* Pods_NutreTec.framework in Frameworks */,
			);
			runOnlyForDeploymentPostprocessing = 0;
		};
/* End PBXFrameworksBuildPhase section */

/* Begin PBXGroup section */
		00FED2F82450FDAE00AF31C4 = {
			isa = PBXGroup;
			children = (
				00FED3032450FDAE00AF31C4 /* NutreTec */,
				00FED3022450FDAE00AF31C4 /* Products */,
				A96D98085BE67DC1C7E7AA35 /* Pods */,
				1C99429B1B31A6ED86DA0DB0 /* Frameworks */,
			);
			sourceTree = "<group>";
		};
		00FED3022450FDAE00AF31C4 /* Products */ = {
			isa = PBXGroup;
			children = (
				00FED3012450FDAE00AF31C4 /* NutreTec.app */,
			);
			name = Products;
			sourceTree = "<group>";
		};
		00FED3032450FDAE00AF31C4 /* NutreTec */ = {
			isa = PBXGroup;
			children = (
				00FED3042450FDAE00AF31C4 /* AppDelegate.swift */,
				00FED3062450FDAE00AF31C4 /* SceneDelegate.swift */,
				00FED3082450FDAE00AF31C4 /* FirstViewController.swift */,
				00FED31A24515AD900AF31C4 /* dias.swift */,
				00FED30A2450FDAE00AF31C4 /* MiPlanViewController.swift */,
				00FED30C2450FDAE00AF31C4 /* Main.storyboard */,
				052ABBA8246D90ED0051CBC8 /* MiPerfilViewController.swift */,
				00E6C8DB24693178005185E4 /* EquivalenteViewController.swift */,
				008D8532246E36A900FB2A60 /* historialViewController.swift */,
				00FA65652472D5E400D8BB67 /* historialExplicadoViewController.swift */,
				00E6C8DD24693840005185E4 /* EquivalenteExplicadoViewController.swift */,
				00E6C8D92468D61B005185E4 /* navigationTableViewController.swift */,
				773AB8282451516F0025101D /* SemaforoViewController.swift */,
				00FED30F2450FDB300AF31C4 /* Assets.xcassets */,
				00FED3112450FDB300AF31C4 /* LaunchScreen.storyboard */,
				00FED3142450FDB300AF31C4 /* Info.plist */,
			);
			path = NutreTec;
			sourceTree = "<group>";
		};
		1C99429B1B31A6ED86DA0DB0 /* Frameworks */ = {
			isa = PBXGroup;
			children = (
				BE90A80D37D22B850C8E5A78 /* Pods_NutreTec.framework */,
			);
			name = Frameworks;
			sourceTree = "<group>";
		};
		A96D98085BE67DC1C7E7AA35 /* Pods */ = {
			isa = PBXGroup;
			children = (
				87B13E23A8A9B5C7F426BEE3 /* Pods-NutreTec.debug.xcconfig */,
				2C9BCAF2FD313F242B658AD7 /* Pods-NutreTec.release.xcconfig */,
			);
			path = Pods;
			sourceTree = "<group>";
		};
/* End PBXGroup section */

/* Begin PBXNativeTarget section */
		00FED3002450FDAE00AF31C4 /* NutreTec */ = {
			isa = PBXNativeTarget;
			buildConfigurationList = 00FED3172450FDB300AF31C4 /* Build configuration list for PBXNativeTarget "NutreTec" */;
			buildPhases = (
				603BB5D435647ADAB503E9B7 /* [CP] Check Pods Manifest.lock */,
				00FED2FD2450FDAE00AF31C4 /* Sources */,
				00FED2FE2450FDAE00AF31C4 /* Frameworks */,
				00FED2FF2450FDAE00AF31C4 /* Resources */,
				8D68756B1D92B34F2800D5E1 /* [CP] Embed Pods Frameworks */,
				056D165E2476C73000B57B3F /* Embed Frameworks */,
			);
			buildRules = (
			);
			dependencies = (
			);
			name = NutreTec;
			productName = NutreTec;
			productReference = 00FED3012450FDAE00AF31C4 /* NutreTec.app */;
			productType = "com.apple.product-type.application";
		};
/* End PBXNativeTarget section */

/* Begin PBXProject section */
		00FED2F92450FDAE00AF31C4 /* Project object */ = {
			isa = PBXProject;
			attributes = {
				LastSwiftUpdateCheck = 1130;
				LastUpgradeCheck = 1130;
				ORGANIZATIONNAME = disp_moviles;
				TargetAttributes = {
					00FED3002450FDAE00AF31C4 = {
						CreatedOnToolsVersion = 11.3.1;
					};
				};
			};
			buildConfigurationList = 00FED2FC2450FDAE00AF31C4 /* Build configuration list for PBXProject "NutreTec" */;
			compatibilityVersion = "Xcode 9.3";
			developmentRegion = en;
			hasScannedForEncodings = 0;
			knownRegions = (
				en,
				Base,
			);
			mainGroup = 00FED2F82450FDAE00AF31C4;
			productRefGroup = 00FED3022450FDAE00AF31C4 /* Products */;
			projectDirPath = "";
			projectRoot = "";
			targets = (
				00FED3002450FDAE00AF31C4 /* NutreTec */,
			);
		};
/* End PBXProject section */

/* Begin PBXResourcesBuildPhase section */
		00FED2FF2450FDAE00AF31C4 /* Resources */ = {
			isa = PBXResourcesBuildPhase;
			buildActionMask = 2147483647;
			files = (
				00FED3132450FDB300AF31C4 /* LaunchScreen.storyboard in Resources */,
				00FED3102450FDB300AF31C4 /* Assets.xcassets in Resources */,
				00FED30E2450FDAE00AF31C4 /* Main.storyboard in Resources */,
			);
			runOnlyForDeploymentPostprocessing = 0;
		};
/* End PBXResourcesBuildPhase section */

/* Begin PBXShellScriptBuildPhase section */
		603BB5D435647ADAB503E9B7 /* [CP] Check Pods Manifest.lock */ = {
			isa = PBXShellScriptBuildPhase;
			buildActionMask = 2147483647;
			files = (
			);
			inputFileListPaths = (
			);
			inputPaths = (
				"${PODS_PODFILE_DIR_PATH}/Podfile.lock",
				"${PODS_ROOT}/Manifest.lock",
			);
			name = "[CP] Check Pods Manifest.lock";
			outputFileListPaths = (
			);
			outputPaths = (
				"$(DERIVED_FILE_DIR)/Pods-NutreTec-checkManifestLockResult.txt",
			);
			runOnlyForDeploymentPostprocessing = 0;
			shellPath = /bin/sh;
			shellScript = "diff \"${PODS_PODFILE_DIR_PATH}/Podfile.lock\" \"${PODS_ROOT}/Manifest.lock\" > /dev/null\nif [ $? != 0 ] ; then\n    # print error to STDERR\n    echo \"error: The sandbox is not in sync with the Podfile.lock. Run 'pod install' or update your CocoaPods installation.\" >&2\n    exit 1\nfi\n# This output is used by Xcode 'outputs' to avoid re-running this script phase.\necho \"SUCCESS\" > \"${SCRIPT_OUTPUT_FILE_0}\"\n";
			showEnvVarsInLog = 0;
		};
		8D68756B1D92B34F2800D5E1 /* [CP] Embed Pods Frameworks */ = {
			isa = PBXShellScriptBuildPhase;
			buildActionMask = 2147483647;
			files = (
			);
			inputFileListPaths = (
				"${PODS_ROOT}/Target Support Files/Pods-NutreTec/Pods-NutreTec-frameworks-${CONFIGURATION}-input-files.xcfilelist",
			);
			name = "[CP] Embed Pods Frameworks";
			outputFileListPaths = (
				"${PODS_ROOT}/Target Support Files/Pods-NutreTec/Pods-NutreTec-frameworks-${CONFIGURATION}-output-files.xcfilelist",
			);
			runOnlyForDeploymentPostprocessing = 0;
			shellPath = /bin/sh;
			shellScript = "\"${PODS_ROOT}/Target Support Files/Pods-NutreTec/Pods-NutreTec-frameworks.sh\"\n";
			showEnvVarsInLog = 0;
		};
/* End PBXShellScriptBuildPhase section */

/* Begin PBXSourcesBuildPhase section */
		00FED2FD2450FDAE00AF31C4 /* Sources */ = {
			isa = PBXSourcesBuildPhase;
			buildActionMask = 2147483647;
			files = (
				00FA65662472D5E400D8BB67 /* historialExplicadoViewController.swift in Sources */,
				052ABBA9246D90ED0051CBC8 /* MiPerfilViewController.swift in Sources */,
				008D8533246E36A900FB2A60 /* historialViewController.swift in Sources */,
				00FED30B2450FDAE00AF31C4 /* MiPlanViewController.swift in Sources */,
				00FED3092450FDAE00AF31C4 /* FirstViewController.swift in Sources */,
				00FED3052450FDAE00AF31C4 /* AppDelegate.swift in Sources */,
				00E6C8DE24693840005185E4 /* EquivalenteExplicadoViewController.swift in Sources */,
				773AB8292451516F0025101D /* SemaforoViewController.swift in Sources */,
				00E6C8DC24693178005185E4 /* EquivalenteViewController.swift in Sources */,
				00FED31B24515AD900AF31C4 /* dias.swift in Sources */,
				00E6C8DA2468D61B005185E4 /* navigationTableViewController.swift in Sources */,
				00FED3072450FDAE00AF31C4 /* SceneDelegate.swift in Sources */,
			);
			runOnlyForDeploymentPostprocessing = 0;
		};
/* End PBXSourcesBuildPhase section */

/* Begin PBXVariantGroup section */
		00FED30C2450FDAE00AF31C4 /* Main.storyboard */ = {
			isa = PBXVariantGroup;
			children = (
				00FED30D2450FDAE00AF31C4 /* Base */,
			);
			name = Main.storyboard;
			sourceTree = "<group>";
		};
		00FED3112450FDB300AF31C4 /* LaunchScreen.storyboard */ = {
			isa = PBXVariantGroup;
			children = (
				00FED3122450FDB300AF31C4 /* Base */,
			);
			name = LaunchScreen.storyboard;
			sourceTree = "<group>";
		};
/* End PBXVariantGroup section */

/* Begin XCBuildConfiguration section */
		00FED3152450FDB300AF31C4 /* Debug */ = {
			isa = XCBuildConfiguration;
			buildSettings = {
				ALWAYS_SEARCH_USER_PATHS = NO;
				CLANG_ANALYZER_NONNULL = YES;
				CLANG_ANALYZER_NUMBER_OBJECT_CONVERSION = YES_AGGRESSIVE;
				CLANG_CXX_LANGUAGE_STANDARD = "gnu++14";
				CLANG_CXX_LIBRARY = "libc++";
				CLANG_ENABLE_MODULES = YES;
				CLANG_ENABLE_OBJC_ARC = YES;
				CLANG_ENABLE_OBJC_WEAK = YES;
				CLANG_WARN_BLOCK_CAPTURE_AUTORELEASING = YES;
				CLANG_WARN_BOOL_CONVERSION = YES;
				CLANG_WARN_COMMA = YES;
				CLANG_WARN_CONSTANT_CONVERSION = YES;
				CLANG_WARN_DEPRECATED_OBJC_IMPLEMENTATIONS = YES;
				CLANG_WARN_DIRECT_OBJC_ISA_USAGE = YES_ERROR;
				CLANG_WARN_DOCUMENTATION_COMMENTS = YES;
				CLANG_WARN_EMPTY_BODY = YES;
				CLANG_WARN_ENUM_CONVERSION = YES;
				CLANG_WARN_INFINITE_RECURSION = YES;
				CLANG_WARN_INT_CONVERSION = YES;
				CLANG_WARN_NON_LITERAL_NULL_CONVERSION = YES;
				CLANG_WARN_OBJC_IMPLICIT_RETAIN_SELF = YES;
				CLANG_WARN_OBJC_LITERAL_CONVERSION = YES;
				CLANG_WARN_OBJC_ROOT_CLASS = YES_ERROR;
				CLANG_WARN_RANGE_LOOP_ANALYSIS = YES;
				CLANG_WARN_STRICT_PROTOTYPES = YES;
				CLANG_WARN_SUSPICIOUS_MOVE = YES;
				CLANG_WARN_UNGUARDED_AVAILABILITY = YES_AGGRESSIVE;
				CLANG_WARN_UNREACHABLE_CODE = YES;
				CLANG_WARN__DUPLICATE_METHOD_MATCH = YES;
				COPY_PHASE_STRIP = NO;
				DEBUG_INFORMATION_FORMAT = dwarf;
				ENABLE_STRICT_OBJC_MSGSEND = YES;
				ENABLE_TESTABILITY = YES;
				GCC_C_LANGUAGE_STANDARD = gnu11;
				GCC_DYNAMIC_NO_PIC = NO;
				GCC_NO_COMMON_BLOCKS = YES;
				GCC_OPTIMIZATION_LEVEL = 0;
				GCC_PREPROCESSOR_DEFINITIONS = (
					"DEBUG=1",
					"$(inherited)",
				);
				GCC_WARN_64_TO_32_BIT_CONVERSION = YES;
				GCC_WARN_ABOUT_RETURN_TYPE = YES_ERROR;
				GCC_WARN_UNDECLARED_SELECTOR = YES;
				GCC_WARN_UNINITIALIZED_AUTOS = YES_AGGRESSIVE;
				GCC_WARN_UNUSED_FUNCTION = YES;
				GCC_WARN_UNUSED_VARIABLE = YES;
				IPHONEOS_DEPLOYMENT_TARGET = 13.2;
				MTL_ENABLE_DEBUG_INFO = INCLUDE_SOURCE;
				MTL_FAST_MATH = YES;
				ONLY_ACTIVE_ARCH = YES;
				SDKROOT = iphoneos;
				SWIFT_ACTIVE_COMPILATION_CONDITIONS = DEBUG;
				SWIFT_OPTIMIZATION_LEVEL = "-Onone";
			};
			name = Debug;
		};
		00FED3162450FDB300AF31C4 /* Release */ = {
			isa = XCBuildConfiguration;
			buildSettings = {
				ALWAYS_SEARCH_USER_PATHS = NO;
				CLANG_ANALYZER_NONNULL = YES;
				CLANG_ANALYZER_NUMBER_OBJECT_CONVERSION = YES_AGGRESSIVE;
				CLANG_CXX_LANGUAGE_STANDARD = "gnu++14";
				CLANG_CXX_LIBRARY = "libc++";
				CLANG_ENABLE_MODULES = YES;
				CLANG_ENABLE_OBJC_ARC = YES;
				CLANG_ENABLE_OBJC_WEAK = YES;
				CLANG_WARN_BLOCK_CAPTURE_AUTORELEASING = YES;
				CLANG_WARN_BOOL_CONVERSION = YES;
				CLANG_WARN_COMMA = YES;
				CLANG_WARN_CONSTANT_CONVERSION = YES;
				CLANG_WARN_DEPRECATED_OBJC_IMPLEMENTATIONS = YES;
				CLANG_WARN_DIRECT_OBJC_ISA_USAGE = YES_ERROR;
				CLANG_WARN_DOCUMENTATION_COMMENTS = YES;
				CLANG_WARN_EMPTY_BODY = YES;
				CLANG_WARN_ENUM_CONVERSION = YES;
				CLANG_WARN_INFINITE_RECURSION = YES;
				CLANG_WARN_INT_CONVERSION = YES;
				CLANG_WARN_NON_LITERAL_NULL_CONVERSION = YES;
				CLANG_WARN_OBJC_IMPLICIT_RETAIN_SELF = YES;
				CLANG_WARN_OBJC_LITERAL_CONVERSION = YES;
				CLANG_WARN_OBJC_ROOT_CLASS = YES_ERROR;
				CLANG_WARN_RANGE_LOOP_ANALYSIS = YES;
				CLANG_WARN_STRICT_PROTOTYPES = YES;
				CLANG_WARN_SUSPICIOUS_MOVE = YES;
				CLANG_WARN_UNGUARDED_AVAILABILITY = YES_AGGRESSIVE;
				CLANG_WARN_UNREACHABLE_CODE = YES;
				CLANG_WARN__DUPLICATE_METHOD_MATCH = YES;
				COPY_PHASE_STRIP = NO;
				DEBUG_INFORMATION_FORMAT = "dwarf-with-dsym";
				ENABLE_NS_ASSERTIONS = NO;
				ENABLE_STRICT_OBJC_MSGSEND = YES;
				GCC_C_LANGUAGE_STANDARD = gnu11;
				GCC_NO_COMMON_BLOCKS = YES;
				GCC_WARN_64_TO_32_BIT_CONVERSION = YES;
				GCC_WARN_ABOUT_RETURN_TYPE = YES_ERROR;
				GCC_WARN_UNDECLARED_SELECTOR = YES;
				GCC_WARN_UNINITIALIZED_AUTOS = YES_AGGRESSIVE;
				GCC_WARN_UNUSED_FUNCTION = YES;
				GCC_WARN_UNUSED_VARIABLE = YES;
				IPHONEOS_DEPLOYMENT_TARGET = 13.2;
				MTL_ENABLE_DEBUG_INFO = NO;
				MTL_FAST_MATH = YES;
				SDKROOT = iphoneos;
				SWIFT_COMPILATION_MODE = wholemodule;
				SWIFT_OPTIMIZATION_LEVEL = "-O";
				VALIDATE_PRODUCT = YES;
			};
			name = Release;
		};
		00FED3182450FDB300AF31C4 /* Debug */ = {
			isa = XCBuildConfiguration;
			baseConfigurationReference = 87B13E23A8A9B5C7F426BEE3 /* Pods-NutreTec.debug.xcconfig */;
			buildSettings = {
				ASSETCATALOG_COMPILER_APPICON_NAME = AppIcon;
				CODE_SIGN_IDENTITY = "Apple Development";
				CODE_SIGN_STYLE = Automatic;
				DEVELOPMENT_TEAM = R6N82Q7Y88;
				INFOPLIST_FILE = NutreTec/Info.plist;
				LD_RUNPATH_SEARCH_PATHS = (
					"$(inherited)",
					"@executable_path/Frameworks",
				);
				PRODUCT_BUNDLE_IDENTIFIER = coolsodastudio.NutreTec;
				PRODUCT_NAME = "$(TARGET_NAME)";
				PROVISIONING_PROFILE_SPECIFIER = "";
				SWIFT_VERSION = 5.0;
				TARGETED_DEVICE_FAMILY = "1,2";
			};
			name = Debug;
		};
		00FED3192450FDB300AF31C4 /* Release */ = {
			isa = XCBuildConfiguration;
			baseConfigurationReference = 2C9BCAF2FD313F242B658AD7 /* Pods-NutreTec.release.xcconfig */;
			buildSettings = {
				ASSETCATALOG_COMPILER_APPICON_NAME = AppIcon;
				CODE_SIGN_IDENTITY = "Apple Development";
				CODE_SIGN_STYLE = Automatic;
				DEVELOPMENT_TEAM = R6N82Q7Y88;
				INFOPLIST_FILE = NutreTec/Info.plist;
				LD_RUNPATH_SEARCH_PATHS = (
					"$(inherited)",
					"@executable_path/Frameworks",
				);
				PRODUCT_BUNDLE_IDENTIFIER = coolsodastudio.NutreTec;
				PRODUCT_NAME = "$(TARGET_NAME)";
				PROVISIONING_PROFILE_SPECIFIER = "";
				SWIFT_VERSION = 5.0;
				TARGETED_DEVICE_FAMILY = "1,2";
			};
			name = Release;
		};
/* End XCBuildConfiguration section */

/* Begin XCConfigurationList section */
		00FED2FC2450FDAE00AF31C4 /* Build configuration list for PBXProject "NutreTec" */ = {
			isa = XCConfigurationList;
			buildConfigurations = (
				00FED3152450FDB300AF31C4 /* Debug */,
				00FED3162450FDB300AF31C4 /* Release */,
			);
			defaultConfigurationIsVisible = 0;
			defaultConfigurationName = Release;
		};
		00FED3172450FDB300AF31C4 /* Build configuration list for PBXNativeTarget "NutreTec" */ = {
			isa = XCConfigurationList;
			buildConfigurations = (
				00FED3182450FDB300AF31C4 /* Debug */,
				00FED3192450FDB300AF31C4 /* Release */,
			);
			defaultConfigurationIsVisible = 0;
			defaultConfigurationName = Release;
		};
/* End XCConfigurationList section */
	};
	rootObject = 00FED2F92450FDAE00AF31C4 /* Project object */;
}
